
Microsoft Visual Studio Solution File, Format Version 12.00
# Visual Studio 15
VisualStudioVersion = 15.0.28307.960
MinimumVisualStudioVersion = 10.0.40219.1
Project("{FAE04EC0-301F-11D3-BF4B-00C04F79EFBC}") = "Uyg1Randevu", "Uyg1Randevu\Uyg1Randevu.csproj", "{7BF75C4E-1483-425C-B176-CFD5208411B0}"
EndProject
Global
	GlobalSection(SolutionConfigurationPlatforms) = preSolution
		Debug|Any CPU = Debug|Any CPU
		Release|Any CPU = Release|Any CPU
	EndGlobalSection
	GlobalSection(ProjectConfigurationPlatforms) = postSolution
		{7BF75C4E-1483-425C-B176-CFD5208411B0}.Debug|Any CPU.ActiveCfg = Debug|Any CPU
		{7BF75C4E-1483-425C-B176-CFD5208411B0}.Debug|Any CPU.Build.0 = Debug|Any CPU
		{7BF75C4E-1483-425C-B176-CFD5208411B0}.Release|Any CPU.ActiveCfg = Release|Any CPU
		{7BF75C4E-1483-425C-B176-CFD5208411B0}.Release|Any CPU.Build.0 = Release|Any CPU
	EndGlobalSection
	GlobalSection(SolutionProperties) = preSolution
		HideSolutionNode = FALSE
	EndGlobalSection
	GlobalSection(ExtensibilityGlobals) = postSolution
		SolutionGuid = {18240F6D-541F-4F9C-82D9-5B5A7072F494}
	EndGlobalSection
EndGlobal
